
Microsoft Visual Studio Solution File, Format Version 12.00
# Visual Studio Version 17
VisualStudioVersion = 17.1.32210.238
MinimumVisualStudioVersion = 10.0.40219.1
Project("{FAE04EC0-301F-11D3-BF4B-00C04F79EFBC}") = "StunningMemory.Web", "StunningMemory.Web\StunningMemory.Web.csproj", "{DAB3A7EE-27C1-4575-92F8-42C2DBC382F7}"
EndProject
Global
	GlobalSection(SolutionConfigurationPlatforms) = preSolution
		Debug|Any CPU = Debug|Any CPU
		Release|Any CPU = Release|Any CPU
	EndGlobalSection
	GlobalSection(ProjectConfigurationPlatforms) = postSolution
		{DAB3A7EE-27C1-4575-92F8-42C2DBC382F7}.Debug|Any CPU.ActiveCfg = Debug|Any CPU
		{DAB3A7EE-27C1-4575-92F8-42C2DBC382F7}.Debug|Any CPU.Build.0 = Debug|Any CPU
		{DAB3A7EE-27C1-4575-92F8-42C2DBC382F7}.Release|Any CPU.ActiveCfg = Release|Any CPU
		{DAB3A7EE-27C1-4575-92F8-42C2DBC382F7}.Release|Any CPU.Build.0 = Release|Any CPU
	EndGlobalSection
	GlobalSection(SolutionProperties) = preSolution
		HideSolutionNode = FALSE
	EndGlobalSection
	GlobalSection(ExtensibilityGlobals) = postSolution
		SolutionGuid = {CB2A5910-5BD3-4BD9-B7B2-8025565B665B}
	EndGlobalSection
EndGlobal
